
Microsoft Visual Studio Solution File, Format Version 12.00
# Visual Studio Version 16
VisualStudioVersion = 16.0.31005.135
MinimumVisualStudioVersion = 10.0.40219.1
Project("{FAE04EC0-301F-11D3-BF4B-00C04F79EFBC}") = "CovidDashboardHoneyWell", "CovidDashboardHoneyWell\CovidDashboardHoneyWell.csproj", "{A32A74F9-CF79-4606-ABE9-2FBF6C27A4BF}"
EndProject
Project("{FAE04EC0-301F-11D3-BF4B-00C04F79EFBC}") = "BusinessLayer", "BusinessLayer\BusinessLayer.csproj", "{AC20DC0A-C8E9-40CE-9A5A-6199B38B5B1C}"
EndProject
Project("{FAE04EC0-301F-11D3-BF4B-00C04F79EFBC}") = "DataAccessLayer", "DataAccessLayer\DataAccessLayer.csproj", "{2C9DFF29-CA9C-46CE-8032-1C4798BE7CF7}"
EndProject
Global
	GlobalSection(SolutionConfigurationPlatforms) = preSolution
		Debug|Any CPU = Debug|Any CPU
		Release|Any CPU = Release|Any CPU
	EndGlobalSection
	GlobalSection(ProjectConfigurationPlatforms) = postSolution
		{A32A74F9-CF79-4606-ABE9-2FBF6C27A4BF}.Debug|Any CPU.ActiveCfg = Debug|Any CPU
		{A32A74F9-CF79-4606-ABE9-2FBF6C27A4BF}.Debug|Any CPU.Build.0 = Debug|Any CPU
		{A32A74F9-CF79-4606-ABE9-2FBF6C27A4BF}.Release|Any CPU.ActiveCfg = Release|Any CPU
		{A32A74F9-CF79-4606-ABE9-2FBF6C27A4BF}.Release|Any CPU.Build.0 = Release|Any CPU
		{AC20DC0A-C8E9-40CE-9A5A-6199B38B5B1C}.Debug|Any CPU.ActiveCfg = Debug|Any CPU
		{AC20DC0A-C8E9-40CE-9A5A-6199B38B5B1C}.Debug|Any CPU.Build.0 = Debug|Any CPU
		{AC20DC0A-C8E9-40CE-9A5A-6199B38B5B1C}.Release|Any CPU.ActiveCfg = Release|Any CPU
		{AC20DC0A-C8E9-40CE-9A5A-6199B38B5B1C}.Release|Any CPU.Build.0 = Release|Any CPU
		{2C9DFF29-CA9C-46CE-8032-1C4798BE7CF7}.Debug|Any CPU.ActiveCfg = Debug|Any CPU
		{2C9DFF29-CA9C-46CE-8032-1C4798BE7CF7}.Debug|Any CPU.Build.0 = Debug|Any CPU
		{2C9DFF29-CA9C-46CE-8032-1C4798BE7CF7}.Release|Any CPU.ActiveCfg = Release|Any CPU
		{2C9DFF29-CA9C-46CE-8032-1C4798BE7CF7}.Release|Any CPU.Build.0 = Release|Any CPU
	EndGlobalSection
	GlobalSection(SolutionProperties) = preSolution
		HideSolutionNode = FALSE
	EndGlobalSection
	GlobalSection(ExtensibilityGlobals) = postSolution
		SolutionGuid = {51DA65B3-6EE0-4FB4-829E-3092C8D31C55}
	EndGlobalSection
EndGlobal
